// !$*UTF8*$!
{
	archiveVersion = 1;
	classes = {
	};
	objectVersion = 50;
	objects = {

/* Begin PBXBuildFile section */
		1C060B622BA15BE70098CE3C /* CryptoProtocol.swift in Sources */ = {isa = PBXBuildFile; fileRef = 1C060B612BA15BE70098CE3C /* CryptoProtocol.swift */; };
		1C060B642BA15C860098CE3C /* CryptoInteractor.swift in Sources */ = {isa = PBXBuildFile; fileRef = 1C060B632BA15C860098CE3C /* CryptoInteractor.swift */; };
		1C060B692BA1606D0098CE3C /* CryptoPresenter.swift in Sources */ = {isa = PBXBuildFile; fileRef = 1C060B682BA1606D0098CE3C /* CryptoPresenter.swift */; };
		1C060B6B2BA161920098CE3C /* CryptoViewController.swift in Sources */ = {isa = PBXBuildFile; fileRef = 1C060B6A2BA161920098CE3C /* CryptoViewController.swift */; };
		1C060B6D2BA166370098CE3C /* CryptoRouter.swift in Sources */ = {isa = PBXBuildFile; fileRef = 1C060B6C2BA166370098CE3C /* CryptoRouter.swift */; };
		1C060B732BA16BEE0098CE3C /* Main.storyboard in Resources */ = {isa = PBXBuildFile; fileRef = 1C060B722BA16BEE0098CE3C /* Main.storyboard */; };
		1C7094792B9AE54300F3F52B /* AppDelegate.swift in Sources */ = {isa = PBXBuildFile; fileRef = 1C7094782B9AE54300F3F52B /* AppDelegate.swift */; };
		1C70947B2B9AE54300F3F52B /* SceneDelegate.swift in Sources */ = {isa = PBXBuildFile; fileRef = 1C70947A2B9AE54300F3F52B /* SceneDelegate.swift */; };
		1C7094822B9AE54300F3F52B /* Assets.xcassets in Resources */ = {isa = PBXBuildFile; fileRef = 1C7094812B9AE54300F3F52B /* Assets.xcassets */; };
		1C7094932B9AF59100F3F52B /* AppConstants.swift in Sources */ = {isa = PBXBuildFile; fileRef = 1C7094922B9AF59100F3F52B /* AppConstants.swift */; };
		1C70949D2B9AF67E00F3F52B /* CryptoResponseEntity.swift in Sources */ = {isa = PBXBuildFile; fileRef = 1C70949C2B9AF67E00F3F52B /* CryptoResponseEntity.swift */; };
		1C7094A02B9AF75D00F3F52B /* MetadataEntity.swift in Sources */ = {isa = PBXBuildFile; fileRef = 1C70949F2B9AF75D00F3F52B /* MetadataEntity.swift */; };
		1C7094A22B9AF82200F3F52B /* CryptoDataEntity.swift in Sources */ = {isa = PBXBuildFile; fileRef = 1C7094A12B9AF82200F3F52B /* CryptoDataEntity.swift */; };
		1C7094A42B9AF88D00F3F52B /* CoinInfoEntity.swift in Sources */ = {isa = PBXBuildFile; fileRef = 1C7094A32B9AF88D00F3F52B /* CoinInfoEntity.swift */; };
		1C7094A62B9AF91100F3F52B /* RatingEntity.swift in Sources */ = {isa = PBXBuildFile; fileRef = 1C7094A52B9AF91100F3F52B /* RatingEntity.swift */; };
		1C7094A82B9AF93700F3F52B /* WeissEntity.swift in Sources */ = {isa = PBXBuildFile; fileRef = 1C7094A72B9AF93700F3F52B /* WeissEntity.swift */; };
		1C7094AA2B9AFAD500F3F52B /* RawEntity.swift in Sources */ = {isa = PBXBuildFile; fileRef = 1C7094A92B9AFAD500F3F52B /* RawEntity.swift */; };
		1C7094AC2B9B03A700F3F52B /* CurrencyInfoEntity.swift in Sources */ = {isa = PBXBuildFile; fileRef = 1C7094AB2B9B03A700F3F52B /* CurrencyInfoEntity.swift */; };
/* End PBXBuildFile section */

/* Begin PBXFileReference section */
		1C060B612BA15BE70098CE3C /* CryptoProtocol.swift */ = {isa = PBXFileReference; lastKnownFileType = sourcecode.swift; path = CryptoProtocol.swift; sourceTree = "<group>"; };
		1C060B632BA15C860098CE3C /* CryptoInteractor.swift */ = {isa = PBXFileReference; lastKnownFileType = sourcecode.swift; name = CryptoInteractor.swift; path = "Toplists/app-modules/crypto-module/protocol/CryptoInteractor.swift"; sourceTree = SOURCE_ROOT; };
		1C060B682BA1606D0098CE3C /* CryptoPresenter.swift */ = {isa = PBXFileReference; lastKnownFileType = sourcecode.swift; path = CryptoPresenter.swift; sourceTree = "<group>"; };
		1C060B6A2BA161920098CE3C /* CryptoViewController.swift */ = {isa = PBXFileReference; lastKnownFileType = sourcecode.swift; name = CryptoViewController.swift; path = "Toplists/app-modules/crypto-module/presenter/CryptoViewController.swift"; sourceTree = SOURCE_ROOT; };
		1C060B6C2BA166370098CE3C /* CryptoRouter.swift */ = {isa = PBXFileReference; lastKnownFileType = sourcecode.swift; name = CryptoRouter.swift; path = "Toplists/app-modules/crypto-module/presenter/CryptoRouter.swift"; sourceTree = SOURCE_ROOT; };
		1C060B722BA16BEE0098CE3C /* Main.storyboard */ = {isa = PBXFileReference; lastKnownFileType = file.storyboard; path = Main.storyboard; sourceTree = "<group>"; };
		1C7094752B9AE54300F3F52B /* Toplists.app */ = {isa = PBXFileReference; explicitFileType = wrapper.application; includeInIndex = 0; path = Toplists.app; sourceTree = BUILT_PRODUCTS_DIR; };
		1C7094782B9AE54300F3F52B /* AppDelegate.swift */ = {isa = PBXFileReference; lastKnownFileType = sourcecode.swift; path = AppDelegate.swift; sourceTree = "<group>"; };
		1C70947A2B9AE54300F3F52B /* SceneDelegate.swift */ = {isa = PBXFileReference; lastKnownFileType = sourcecode.swift; path = SceneDelegate.swift; sourceTree = "<group>"; };
		1C7094812B9AE54300F3F52B /* Assets.xcassets */ = {isa = PBXFileReference; lastKnownFileType = folder.assetcatalog; path = Assets.xcassets; sourceTree = "<group>"; };
		1C7094862B9AE54300F3F52B /* Info.plist */ = {isa = PBXFileReference; lastKnownFileType = text.plist.xml; path = Info.plist; sourceTree = "<group>"; };
		1C7094922B9AF59100F3F52B /* AppConstants.swift */ = {isa = PBXFileReference; lastKnownFileType = sourcecode.swift; path = AppConstants.swift; sourceTree = "<group>"; };
		1C70949C2B9AF67E00F3F52B /* CryptoResponseEntity.swift */ = {isa = PBXFileReference; lastKnownFileType = sourcecode.swift; path = CryptoResponseEntity.swift; sourceTree = "<group>"; };
		1C70949F2B9AF75D00F3F52B /* MetadataEntity.swift */ = {isa = PBXFileReference; lastKnownFileType = sourcecode.swift; path = MetadataEntity.swift; sourceTree = "<group>"; };
		1C7094A12B9AF82200F3F52B /* CryptoDataEntity.swift */ = {isa = PBXFileReference; lastKnownFileType = sourcecode.swift; path = CryptoDataEntity.swift; sourceTree = "<group>"; };
		1C7094A32B9AF88D00F3F52B /* CoinInfoEntity.swift */ = {isa = PBXFileReference; lastKnownFileType = sourcecode.swift; path = CoinInfoEntity.swift; sourceTree = "<group>"; };
		1C7094A52B9AF91100F3F52B /* RatingEntity.swift */ = {isa = PBXFileReference; lastKnownFileType = sourcecode.swift; path = RatingEntity.swift; sourceTree = "<group>"; };
		1C7094A72B9AF93700F3F52B /* WeissEntity.swift */ = {isa = PBXFileReference; lastKnownFileType = sourcecode.swift; path = WeissEntity.swift; sourceTree = "<group>"; };
		1C7094A92B9AFAD500F3F52B /* RawEntity.swift */ = {isa = PBXFileReference; lastKnownFileType = sourcecode.swift; path = RawEntity.swift; sourceTree = "<group>"; };
		1C7094AB2B9B03A700F3F52B /* CurrencyInfoEntity.swift */ = {isa = PBXFileReference; lastKnownFileType = sourcecode.swift; path = CurrencyInfoEntity.swift; sourceTree = "<group>"; };
/* End PBXFileReference section */

/* Begin PBXFrameworksBuildPhase section */
		1C7094722B9AE54300F3F52B /* Frameworks */ = {
			isa = PBXFrameworksBuildPhase;
			buildActionMask = 2147483647;
			files = (
			);
			runOnlyForDeploymentPostprocessing = 0;
		};
/* End PBXFrameworksBuildPhase section */

/* Begin PBXGroup section */
		1C060B602BA15BD40098CE3C /* protocol */ = {
			isa = PBXGroup;
			children = (
				1C060B612BA15BE70098CE3C /* CryptoProtocol.swift */,
			);
			path = protocol;
			sourceTree = "<group>";
		};
		1C060B672BA160570098CE3C /* presenter */ = {
			isa = PBXGroup;
			children = (
				1C060B682BA1606D0098CE3C /* CryptoPresenter.swift */,
			);
			path = presenter;
			sourceTree = "<group>";
		};
		1C70946C2B9AE54300F3F52B = {
			isa = PBXGroup;
			children = (
				1C7094772B9AE54300F3F52B /* Toplists */,
				1C7094762B9AE54300F3F52B /* Products */,
			);
			sourceTree = "<group>";
		};
		1C7094762B9AE54300F3F52B /* Products */ = {
			isa = PBXGroup;
			children = (
				1C7094752B9AE54300F3F52B /* Toplists.app */,
			);
			name = Products;
			sourceTree = "<group>";
		};
		1C7094772B9AE54300F3F52B /* Toplists */ = {
			isa = PBXGroup;
			children = (
				1C7094912B9AF57800F3F52B /* app-utils */,
				1C70948C2B9AEDDF00F3F52B /* app-icons */,
				1C70948F2B9AEDFE00F3F52B /* app-modules */,
				1C7094782B9AE54300F3F52B /* AppDelegate.swift */,
				1C7094812B9AE54300F3F52B /* Assets.xcassets */,
				1C7094862B9AE54300F3F52B /* Info.plist */,
				1C70947A2B9AE54300F3F52B /* SceneDelegate.swift */,
				1C060B722BA16BEE0098CE3C /* Main.storyboard */,
			);
			path = Toplists;
			sourceTree = "<group>";
		};
		1C70948C2B9AEDDF00F3F52B /* app-icons */ = {
			isa = PBXGroup;
			children = (
			);
			path = "app-icons";
			sourceTree = "<group>";
		};
		1C70948F2B9AEDFE00F3F52B /* app-modules */ = {
			isa = PBXGroup;
			children = (
				1C7094942B9AF5F400F3F52B /* crypto-module */,
			);
			path = "app-modules";
			sourceTree = "<group>";
		};
		1C7094912B9AF57800F3F52B /* app-utils */ = {
			isa = PBXGroup;
			children = (
				1C7094922B9AF59100F3F52B /* AppConstants.swift */,
			);
			path = "app-utils";
			sourceTree = "<group>";
		};
		1C7094942B9AF5F400F3F52B /* crypto-module */ = {
			isa = PBXGroup;
			children = (
				1C060B672BA160570098CE3C /* presenter */,
				1C060B602BA15BD40098CE3C /* protocol */,
				1C7094952B9AF5FE00F3F52B /* view */,
				1C7094982B9AF61300F3F52B /* entity */,
				1C7094992B9AF61B00F3F52B /* router */,
				1C70949A2B9AF63800F3F52B /* interactor */,
			);
			path = "crypto-module";
			sourceTree = "<group>";
		};
		1C7094952B9AF5FE00F3F52B /* view */ = {
			isa = PBXGroup;
			children = (
				1C060B6A2BA161920098CE3C /* CryptoViewController.swift */,
			);
			path = view;
			sourceTree = "<group>";
		};
		1C7094982B9AF61300F3F52B /* entity */ = {
			isa = PBXGroup;
			children = (
				1C70949E2B9AF71B00F3F52B /* sub-entity */,
				1C70949C2B9AF67E00F3F52B /* CryptoResponseEntity.swift */,
			);
			path = entity;
			sourceTree = "<group>";
		};
		1C7094992B9AF61B00F3F52B /* router */ = {
			isa = PBXGroup;
			children = (
				1C060B6C2BA166370098CE3C /* CryptoRouter.swift */,
			);
			path = router;
			sourceTree = "<group>";
		};
		1C70949A2B9AF63800F3F52B /* interactor */ = {
			isa = PBXGroup;
			children = (
				1C060B632BA15C860098CE3C /* CryptoInteractor.swift */,
			);
			path = interactor;
			sourceTree = "<group>";
		};
		1C70949E2B9AF71B00F3F52B /* sub-entity */ = {
			isa = PBXGroup;
			children = (
				1C70949F2B9AF75D00F3F52B /* MetadataEntity.swift */,
				1C7094A12B9AF82200F3F52B /* CryptoDataEntity.swift */,
				1C7094A32B9AF88D00F3F52B /* CoinInfoEntity.swift */,
				1C7094A52B9AF91100F3F52B /* RatingEntity.swift */,
				1C7094A72B9AF93700F3F52B /* WeissEntity.swift */,
				1C7094A92B9AFAD500F3F52B /* RawEntity.swift */,
				1C7094AB2B9B03A700F3F52B /* CurrencyInfoEntity.swift */,
			);
			path = "sub-entity";
			sourceTree = "<group>";
		};
/* End PBXGroup section */

/* Begin PBXNativeTarget section */
		1C7094742B9AE54300F3F52B /* Toplists */ = {
			isa = PBXNativeTarget;
			buildConfigurationList = 1C7094892B9AE54300F3F52B /* Build configuration list for PBXNativeTarget "Toplists" */;
			buildPhases = (
				1C7094712B9AE54300F3F52B /* Sources */,
				1C7094722B9AE54300F3F52B /* Frameworks */,
				1C7094732B9AE54300F3F52B /* Resources */,
			);
			buildRules = (
			);
			dependencies = (
			);
			name = Toplists;
			productName = Toplists;
			productReference = 1C7094752B9AE54300F3F52B /* Toplists.app */;
			productType = "com.apple.product-type.application";
		};
/* End PBXNativeTarget section */

/* Begin PBXProject section */
		1C70946D2B9AE54300F3F52B /* Project object */ = {
			isa = PBXProject;
			attributes = {
				LastSwiftUpdateCheck = 1130;
				LastUpgradeCheck = 1130;
				ORGANIZATIONNAME = Nostratech;
				TargetAttributes = {
					1C7094742B9AE54300F3F52B = {
						CreatedOnToolsVersion = 11.3.1;
					};
				};
			};
			buildConfigurationList = 1C7094702B9AE54300F3F52B /* Build configuration list for PBXProject "Toplists" */;
			compatibilityVersion = "Xcode 9.3";
			developmentRegion = en;
			hasScannedForEncodings = 0;
			knownRegions = (
				en,
				Base,
			);
			mainGroup = 1C70946C2B9AE54300F3F52B;
			productRefGroup = 1C7094762B9AE54300F3F52B /* Products */;
			projectDirPath = "";
			projectRoot = "";
			targets = (
				1C7094742B9AE54300F3F52B /* Toplists */,
			);
		};
/* End PBXProject section */

/* Begin PBXResourcesBuildPhase section */
		1C7094732B9AE54300F3F52B /* Resources */ = {
			isa = PBXResourcesBuildPhase;
			buildActionMask = 2147483647;
			files = (
				1C7094822B9AE54300F3F52B /* Assets.xcassets in Resources */,
				1C060B732BA16BEE0098CE3C /* Main.storyboard in Resources */,
			);
			runOnlyForDeploymentPostprocessing = 0;
		};
/* End PBXResourcesBuildPhase section */

/* Begin PBXSourcesBuildPhase section */
		1C7094712B9AE54300F3F52B /* Sources */ = {
			isa = PBXSourcesBuildPhase;
			buildActionMask = 2147483647;
			files = (
				1C7094A42B9AF88D00F3F52B /* CoinInfoEntity.swift in Sources */,
				1C060B622BA15BE70098CE3C /* CryptoProtocol.swift in Sources */,
				1C060B6D2BA166370098CE3C /* CryptoRouter.swift in Sources */,
				1C060B642BA15C860098CE3C /* CryptoInteractor.swift in Sources */,
				1C7094AA2B9AFAD500F3F52B /* RawEntity.swift in Sources */,
				1C060B6B2BA161920098CE3C /* CryptoViewController.swift in Sources */,
				1C7094AC2B9B03A700F3F52B /* CurrencyInfoEntity.swift in Sources */,
				1C7094792B9AE54300F3F52B /* AppDelegate.swift in Sources */,
				1C70947B2B9AE54300F3F52B /* SceneDelegate.swift in Sources */,
				1C7094A02B9AF75D00F3F52B /* MetadataEntity.swift in Sources */,
				1C060B692BA1606D0098CE3C /* CryptoPresenter.swift in Sources */,
				1C7094932B9AF59100F3F52B /* AppConstants.swift in Sources */,
				1C7094A82B9AF93700F3F52B /* WeissEntity.swift in Sources */,
				1C70949D2B9AF67E00F3F52B /* CryptoResponseEntity.swift in Sources */,
				1C7094A62B9AF91100F3F52B /* RatingEntity.swift in Sources */,
				1C7094A22B9AF82200F3F52B /* CryptoDataEntity.swift in Sources */,
			);
			runOnlyForDeploymentPostprocessing = 0;
		};
/* End PBXSourcesBuildPhase section */

/* Begin XCBuildConfiguration section */
		1C7094872B9AE54300F3F52B /* Debug */ = {
			isa = XCBuildConfiguration;
			buildSettings = {
				ALWAYS_SEARCH_USER_PATHS = NO;
				CLANG_ANALYZER_NONNULL = YES;
				CLANG_ANALYZER_NUMBER_OBJECT_CONVERSION = YES_AGGRESSIVE;
				CLANG_CXX_LANGUAGE_STANDARD = "gnu++14";
				CLANG_CXX_LIBRARY = "libc++";
				CLANG_ENABLE_MODULES = YES;
				CLANG_ENABLE_OBJC_ARC = YES;
				CLANG_ENABLE_OBJC_WEAK = YES;
				CLANG_WARN_BLOCK_CAPTURE_AUTORELEASING = YES;
				CLANG_WARN_BOOL_CONVERSION = YES;
				CLANG_WARN_COMMA = YES;
				CLANG_WARN_CONSTANT_CONVERSION = YES;
				CLANG_WARN_DEPRECATED_OBJC_IMPLEMENTATIONS = YES;
				CLANG_WARN_DIRECT_OBJC_ISA_USAGE = YES_ERROR;
				CLANG_WARN_DOCUMENTATION_COMMENTS = YES;
				CLANG_WARN_EMPTY_BODY = YES;
				CLANG_WARN_ENUM_CONVERSION = YES;
				CLANG_WARN_INFINITE_RECURSION = YES;
				CLANG_WARN_INT_CONVERSION = YES;
				CLANG_WARN_NON_LITERAL_NULL_CONVERSION = YES;
				CLANG_WARN_OBJC_IMPLICIT_RETAIN_SELF = YES;
				CLANG_WARN_OBJC_LITERAL_CONVERSION = YES;
				CLANG_WARN_OBJC_ROOT_CLASS = YES_ERROR;
				CLANG_WARN_RANGE_LOOP_ANALYSIS = YES;
				CLANG_WARN_STRICT_PROTOTYPES = YES;
				CLANG_WARN_SUSPICIOUS_MOVE = YES;
				CLANG_WARN_UNGUARDED_AVAILABILITY = YES_AGGRESSIVE;
				CLANG_WARN_UNREACHABLE_CODE = YES;
				CLANG_WARN__DUPLICATE_METHOD_MATCH = YES;
				COPY_PHASE_STRIP = NO;
				DEBUG_INFORMATION_FORMAT = dwarf;
				ENABLE_STRICT_OBJC_MSGSEND = YES;
				ENABLE_TESTABILITY = YES;
				GCC_C_LANGUAGE_STANDARD = gnu11;
				GCC_DYNAMIC_NO_PIC = NO;
				GCC_NO_COMMON_BLOCKS = YES;
				GCC_OPTIMIZATION_LEVEL = 0;
				GCC_PREPROCESSOR_DEFINITIONS = (
					"DEBUG=1",
					"$(inherited)",
				);
				GCC_WARN_64_TO_32_BIT_CONVERSION = YES;
				GCC_WARN_ABOUT_RETURN_TYPE = YES_ERROR;
				GCC_WARN_UNDECLARED_SELECTOR = YES;
				GCC_WARN_UNINITIALIZED_AUTOS = YES_AGGRESSIVE;
				GCC_WARN_UNUSED_FUNCTION = YES;
				GCC_WARN_UNUSED_VARIABLE = YES;
				IPHONEOS_DEPLOYMENT_TARGET = 13.2;
				MTL_ENABLE_DEBUG_INFO = INCLUDE_SOURCE;
				MTL_FAST_MATH = YES;
				ONLY_ACTIVE_ARCH = YES;
				SDKROOT = iphoneos;
				SWIFT_ACTIVE_COMPILATION_CONDITIONS = DEBUG;
				SWIFT_OPTIMIZATION_LEVEL = "-Onone";
			};
			name = Debug;
		};
		1C7094882B9AE54300F3F52B /* Release */ = {
			isa = XCBuildConfiguration;
			buildSettings = {
				ALWAYS_SEARCH_USER_PATHS = NO;
				CLANG_ANALYZER_NONNULL = YES;
				CLANG_ANALYZER_NUMBER_OBJECT_CONVERSION = YES_AGGRESSIVE;
				CLANG_CXX_LANGUAGE_STANDARD = "gnu++14";
				CLANG_CXX_LIBRARY = "libc++";
				CLANG_ENABLE_MODULES = YES;
				CLANG_ENABLE_OBJC_ARC = YES;
				CLANG_ENABLE_OBJC_WEAK = YES;
				CLANG_WARN_BLOCK_CAPTURE_AUTORELEASING = YES;
				CLANG_WARN_BOOL_CONVERSION = YES;
				CLANG_WARN_COMMA = YES;
				CLANG_WARN_CONSTANT_CONVERSION = YES;
				CLANG_WARN_DEPRECATED_OBJC_IMPLEMENTATIONS = YES;
				CLANG_WARN_DIRECT_OBJC_ISA_USAGE = YES_ERROR;
				CLANG_WARN_DOCUMENTATION_COMMENTS = YES;
				CLANG_WARN_EMPTY_BODY = YES;
				CLANG_WARN_ENUM_CONVERSION = YES;
				CLANG_WARN_INFINITE_RECURSION = YES;
				CLANG_WARN_INT_CONVERSION = YES;
				CLANG_WARN_NON_LITERAL_NULL_CONVERSION = YES;
				CLANG_WARN_OBJC_IMPLICIT_RETAIN_SELF = YES;
				CLANG_WARN_OBJC_LITERAL_CONVERSION = YES;
				CLANG_WARN_OBJC_ROOT_CLASS = YES_ERROR;
				CLANG_WARN_RANGE_LOOP_ANALYSIS = YES;
				CLANG_WARN_STRICT_PROTOTYPES = YES;
				CLANG_WARN_SUSPICIOUS_MOVE = YES;
				CLANG_WARN_UNGUARDED_AVAILABILITY = YES_AGGRESSIVE;
				CLANG_WARN_UNREACHABLE_CODE = YES;
				CLANG_WARN__DUPLICATE_METHOD_MATCH = YES;
				COPY_PHASE_STRIP = NO;
				DEBUG_INFORMATION_FORMAT = "dwarf-with-dsym";
				ENABLE_NS_ASSERTIONS = NO;
				ENABLE_STRICT_OBJC_MSGSEND = YES;
				GCC_C_LANGUAGE_STANDARD = gnu11;
				GCC_NO_COMMON_BLOCKS = YES;
				GCC_WARN_64_TO_32_BIT_CONVERSION = YES;
				GCC_WARN_ABOUT_RETURN_TYPE = YES_ERROR;
				GCC_WARN_UNDECLARED_SELECTOR = YES;
				GCC_WARN_UNINITIALIZED_AUTOS = YES_AGGRESSIVE;
				GCC_WARN_UNUSED_FUNCTION = YES;
				GCC_WARN_UNUSED_VARIABLE = YES;
				IPHONEOS_DEPLOYMENT_TARGET = 13.2;
				MTL_ENABLE_DEBUG_INFO = NO;
				MTL_FAST_MATH = YES;
				SDKROOT = iphoneos;
				SWIFT_COMPILATION_MODE = wholemodule;
				SWIFT_OPTIMIZATION_LEVEL = "-O";
				VALIDATE_PRODUCT = YES;
			};
			name = Release;
		};
		1C70948A2B9AE54300F3F52B /* Debug */ = {
			isa = XCBuildConfiguration;
			buildSettings = {
				ASSETCATALOG_COMPILER_APPICON_NAME = AppIcon;
				CODE_SIGN_STYLE = Automatic;
				INFOPLIST_FILE = Toplists/Info.plist;
				LD_RUNPATH_SEARCH_PATHS = (
					"$(inherited)",
					"@executable_path/Frameworks",
				);
				PRODUCT_BUNDLE_IDENTIFIER = com.nostratech.Toplists;
				PRODUCT_NAME = "$(TARGET_NAME)";
				SWIFT_VERSION = 5.0;
				TARGETED_DEVICE_FAMILY = "1,2";
			};
			name = Debug;
		};
		1C70948B2B9AE54300F3F52B /* Release */ = {
			isa = XCBuildConfiguration;
			buildSettings = {
				ASSETCATALOG_COMPILER_APPICON_NAME = AppIcon;
				CODE_SIGN_STYLE = Automatic;
				INFOPLIST_FILE = Toplists/Info.plist;
				LD_RUNPATH_SEARCH_PATHS = (
					"$(inherited)",
					"@executable_path/Frameworks",
				);
				PRODUCT_BUNDLE_IDENTIFIER = com.nostratech.Toplists;
				PRODUCT_NAME = "$(TARGET_NAME)";
				SWIFT_VERSION = 5.0;
				TARGETED_DEVICE_FAMILY = "1,2";
			};
			name = Release;
		};
/* End XCBuildConfiguration section */

/* Begin XCConfigurationList section */
		1C7094702B9AE54300F3F52B /* Build configuration list for PBXProject "Toplists" */ = {
			isa = XCConfigurationList;
			buildConfigurations = (
				1C7094872B9AE54300F3F52B /* Debug */,
				1C7094882B9AE54300F3F52B /* Release */,
			);
			defaultConfigurationIsVisible = 0;
			defaultConfigurationName = Release;
		};
		1C7094892B9AE54300F3F52B /* Build configuration list for PBXNativeTarget "Toplists" */ = {
			isa = XCConfigurationList;
			buildConfigurations = (
				1C70948A2B9AE54300F3F52B /* Debug */,
				1C70948B2B9AE54300F3F52B /* Release */,
			);
			defaultConfigurationIsVisible = 0;
			defaultConfigurationName = Release;
		};
/* End XCConfigurationList section */
	};
	rootObject = 1C70946D2B9AE54300F3F52B /* Project object */;
}
